
Microsoft Visual Studio Solution File, Format Version 12.00
# Visual Studio Version 16
VisualStudioVersion = 16.0.30011.22
MinimumVisualStudioVersion = 10.0.40219.1
Project("{FAE04EC0-301F-11D3-BF4B-00C04F79EFBC}") = "DiskDaddy", "DiskDaddy.csproj", "{EA72E5B3-FA85-4E79-A126-986141C1273D}"
EndProject
Global
	GlobalSection(SolutionConfigurationPlatforms) = preSolution
		Debug|Any CPU = Debug|Any CPU
		Release|Any CPU = Release|Any CPU
	EndGlobalSection
	GlobalSection(ProjectConfigurationPlatforms) = postSolution
		{EA72E5B3-FA85-4E79-A126-986141C1273D}.Debug|Any CPU.ActiveCfg = Debug|Any CPU
		{EA72E5B3-FA85-4E79-A126-986141C1273D}.Debug|Any CPU.Build.0 = Debug|Any CPU
		{EA72E5B3-FA85-4E79-A126-986141C1273D}.Release|Any CPU.ActiveCfg = Release|Any CPU
		{EA72E5B3-FA85-4E79-A126-986141C1273D}.Release|Any CPU.Build.0 = Release|Any CPU
	EndGlobalSection
	GlobalSection(SolutionProperties) = preSolution
		HideSolutionNode = FALSE
	EndGlobalSection
	GlobalSection(ExtensibilityGlobals) = postSolution
		SolutionGuid = {7DB96C44-B959-4051-93D9-FADC9200B498}
	EndGlobalSection
EndGlobal
